
Microsoft Visual Studio Solution File, Format Version 12.00
# Visual Studio Version 17
VisualStudioVersion = 17.11.35219.272
MinimumVisualStudioVersion = 10.0.40219.1
Project("{FAE04EC0-301F-11D3-BF4B-00C04F79EFBC}") = "MiniProj", "MiniProj.csproj", "{895736FE-88A9-4D15-BCEA-3D32D0E9617E}"
EndProject
Global
	GlobalSection(SolutionConfigurationPlatforms) = preSolution
		Debug|Any CPU = Debug|Any CPU
		Release|Any CPU = Release|Any CPU
	EndGlobalSection
	GlobalSection(ProjectConfigurationPlatforms) = postSolution
		{895736FE-88A9-4D15-BCEA-3D32D0E9617E}.Debug|Any CPU.ActiveCfg = Debug|Any CPU
		{895736FE-88A9-4D15-BCEA-3D32D0E9617E}.Debug|Any CPU.Build.0 = Debug|Any CPU
		{895736FE-88A9-4D15-BCEA-3D32D0E9617E}.Release|Any CPU.ActiveCfg = Release|Any CPU
		{895736FE-88A9-4D15-BCEA-3D32D0E9617E}.Release|Any CPU.Build.0 = Release|Any CPU
	EndGlobalSection
	GlobalSection(SolutionProperties) = preSolution
		HideSolutionNode = FALSE
	EndGlobalSection
	GlobalSection(ExtensibilityGlobals) = postSolution
		SolutionGuid = {75F59BE0-4CC8-45E6-8BB3-E797ED1FADEF}
	EndGlobalSection
EndGlobal
